
Microsoft Visual Studio Solution File, Format Version 12.00
# Visual Studio Version 17
VisualStudioVersion = 17.5.33530.505
MinimumVisualStudioVersion = 10.0.40219.1
Project("{FAE04EC0-301F-11D3-BF4B-00C04F79EFBC}") = "SeguroAgil", "SeguroAgil\SeguroAgil.csproj", "{A8C2693A-4B66-48EA-9E3A-CF2E55D7CE3E}"
EndProject
Global
	GlobalSection(SolutionConfigurationPlatforms) = preSolution
		Debug|Any CPU = Debug|Any CPU
		Release|Any CPU = Release|Any CPU
	EndGlobalSection
	GlobalSection(ProjectConfigurationPlatforms) = postSolution
		{A8C2693A-4B66-48EA-9E3A-CF2E55D7CE3E}.Debug|Any CPU.ActiveCfg = Debug|Any CPU
		{A8C2693A-4B66-48EA-9E3A-CF2E55D7CE3E}.Debug|Any CPU.Build.0 = Debug|Any CPU
		{A8C2693A-4B66-48EA-9E3A-CF2E55D7CE3E}.Release|Any CPU.ActiveCfg = Release|Any CPU
		{A8C2693A-4B66-48EA-9E3A-CF2E55D7CE3E}.Release|Any CPU.Build.0 = Release|Any CPU
	EndGlobalSection
	GlobalSection(SolutionProperties) = preSolution
		HideSolutionNode = FALSE
	EndGlobalSection
	GlobalSection(ExtensibilityGlobals) = postSolution
		SolutionGuid = {339A3779-DF9A-4943-A8F8-B0FF2F6D31EB}
	EndGlobalSection
EndGlobal
