
Microsoft Visual Studio Solution File, Format Version 12.00
# Visual Studio Version 17
VisualStudioVersion = 17.5.33530.505
MinimumVisualStudioVersion = 10.0.40219.1
Project("{9A19103F-16F7-4668-BE54-9A1E7A4F7556}") = "SeguroAgil.WebApi", "SeguroAgil\SeguroAgil.WebApi.csproj", "{A8C2693A-4B66-48EA-9E3A-CF2E55D7CE3E}"
EndProject
Project("{9A19103F-16F7-4668-BE54-9A1E7A4F7556}") = "SeguroAgil.Application", "SeguroAgil.Application\SeguroAgil.Application.csproj", "{4660884E-5BAB-4524-B941-45241929BAD1}"
EndProject
Project("{9A19103F-16F7-4668-BE54-9A1E7A4F7556}") = "SeguroAgil.Domain", "SeguroAgil.Domain\SeguroAgil.Domain.csproj", "{A4A1A815-91E3-4703-9B49-5E7C7CF2DDF7}"
EndProject
Project("{9A19103F-16F7-4668-BE54-9A1E7A4F7556}") = "SeguroAgil.Infra.Data", "SeguroAgil.Data\SeguroAgil.Infra.Data.csproj", "{1EDEC79A-1441-4D19-8B85-5C297557BA15}"
EndProject
Global
	GlobalSection(SolutionConfigurationPlatforms) = preSolution
		Debug|Any CPU = Debug|Any CPU
		Release|Any CPU = Release|Any CPU
	EndGlobalSection
	GlobalSection(ProjectConfigurationPlatforms) = postSolution
		{A8C2693A-4B66-48EA-9E3A-CF2E55D7CE3E}.Debug|Any CPU.ActiveCfg = Debug|Any CPU
		{A8C2693A-4B66-48EA-9E3A-CF2E55D7CE3E}.Debug|Any CPU.Build.0 = Debug|Any CPU
		{A8C2693A-4B66-48EA-9E3A-CF2E55D7CE3E}.Release|Any CPU.ActiveCfg = Release|Any CPU
		{A8C2693A-4B66-48EA-9E3A-CF2E55D7CE3E}.Release|Any CPU.Build.0 = Release|Any CPU
		{4660884E-5BAB-4524-B941-45241929BAD1}.Debug|Any CPU.ActiveCfg = Debug|Any CPU
		{4660884E-5BAB-4524-B941-45241929BAD1}.Debug|Any CPU.Build.0 = Debug|Any CPU
		{4660884E-5BAB-4524-B941-45241929BAD1}.Release|Any CPU.ActiveCfg = Release|Any CPU
		{4660884E-5BAB-4524-B941-45241929BAD1}.Release|Any CPU.Build.0 = Release|Any CPU
		{A4A1A815-91E3-4703-9B49-5E7C7CF2DDF7}.Debug|Any CPU.ActiveCfg = Debug|Any CPU
		{A4A1A815-91E3-4703-9B49-5E7C7CF2DDF7}.Debug|Any CPU.Build.0 = Debug|Any CPU
		{A4A1A815-91E3-4703-9B49-5E7C7CF2DDF7}.Release|Any CPU.ActiveCfg = Release|Any CPU
		{A4A1A815-91E3-4703-9B49-5E7C7CF2DDF7}.Release|Any CPU.Build.0 = Release|Any CPU
		{1EDEC79A-1441-4D19-8B85-5C297557BA15}.Debug|Any CPU.ActiveCfg = Debug|Any CPU
		{1EDEC79A-1441-4D19-8B85-5C297557BA15}.Debug|Any CPU.Build.0 = Debug|Any CPU
		{1EDEC79A-1441-4D19-8B85-5C297557BA15}.Release|Any CPU.ActiveCfg = Release|Any CPU
		{1EDEC79A-1441-4D19-8B85-5C297557BA15}.Release|Any CPU.Build.0 = Release|Any CPU
	EndGlobalSection
	GlobalSection(SolutionProperties) = preSolution
		HideSolutionNode = FALSE
	EndGlobalSection
	GlobalSection(ExtensibilityGlobals) = postSolution
		SolutionGuid = {339A3779-DF9A-4943-A8F8-B0FF2F6D31EB}
	EndGlobalSection
EndGlobal
